// !$*UTF8*$!
{
	archiveVersion = 1;
	classes = {
	};
	objectVersion = 46;
	objects = {

/* Begin PBXBuildFile section */
		179E442A1C56D21B0079D7F0 /* AppDelegate.swift in Sources */ = {isa = PBXBuildFile; fileRef = 179E44291C56D21B0079D7F0 /* AppDelegate.swift */; };
		179E442C1C56D21B0079D7F0 /* ViewController.swift in Sources */ = {isa = PBXBuildFile; fileRef = 179E442B1C56D21B0079D7F0 /* ViewController.swift */; };
		179E442F1C56D21B0079D7F0 /* Main.storyboard in Resources */ = {isa = PBXBuildFile; fileRef = 179E442D1C56D21B0079D7F0 /* Main.storyboard */; };
		179E44311C56D21B0079D7F0 /* Assets.xcassets in Resources */ = {isa = PBXBuildFile; fileRef = 179E44301C56D21B0079D7F0 /* Assets.xcassets */; };
		179E44341C56D21B0079D7F0 /* LaunchScreen.storyboard in Resources */ = {isa = PBXBuildFile; fileRef = 179E44321C56D21B0079D7F0 /* LaunchScreen.storyboard */; };
		179E444C1C56D2B30079D7F0 /* NotoSans-Bold.ttf in Resources */ = {isa = PBXBuildFile; fileRef = 179E44491C56D2B30079D7F0 /* NotoSans-Bold.ttf */; };
		179E444D1C56D2B30079D7F0 /* NotoSans-BoldItalic.ttf in Resources */ = {isa = PBXBuildFile; fileRef = 179E444A1C56D2B30079D7F0 /* NotoSans-BoldItalic.ttf */; };
		179E444E1C56D2B30079D7F0 /* NotoSans-Italic.ttf in Resources */ = {isa = PBXBuildFile; fileRef = 179E444B1C56D2B30079D7F0 /* NotoSans-Italic.ttf */; };
		179E44501C56D2BA0079D7F0 /* NotoSans-Regular.ttf in Resources */ = {isa = PBXBuildFile; fileRef = 179E444F1C56D2BA0079D7F0 /* NotoSans-Regular.ttf */; };
		179E44521C5715D00079D7F0 /* materialView.swift in Sources */ = {isa = PBXBuildFile; fileRef = 179E44511C5715D00079D7F0 /* materialView.swift */; };
		179E44551C57173E0079D7F0 /* Constants.swift in Sources */ = {isa = PBXBuildFile; fileRef = 179E44541C57173E0079D7F0 /* Constants.swift */; };
		179E44571C57B6EB0079D7F0 /* materialButton.swift in Sources */ = {isa = PBXBuildFile; fileRef = 179E44561C57B6EB0079D7F0 /* materialButton.swift */; };
/* End PBXBuildFile section */

/* Begin PBXFileReference section */
		179E44261C56D21B0079D7F0 /* showcase.app */ = {isa = PBXFileReference; explicitFileType = wrapper.application; includeInIndex = 0; path = showcase.app; sourceTree = BUILT_PRODUCTS_DIR; };
		179E44291C56D21B0079D7F0 /* AppDelegate.swift */ = {isa = PBXFileReference; lastKnownFileType = sourcecode.swift; path = AppDelegate.swift; sourceTree = "<group>"; };
		179E442B1C56D21B0079D7F0 /* ViewController.swift */ = {isa = PBXFileReference; lastKnownFileType = sourcecode.swift; path = ViewController.swift; sourceTree = "<group>"; };
		179E442E1C56D21B0079D7F0 /* Base */ = {isa = PBXFileReference; lastKnownFileType = file.storyboard; name = Base; path = Base.lproj/Main.storyboard; sourceTree = "<group>"; };
		179E44301C56D21B0079D7F0 /* Assets.xcassets */ = {isa = PBXFileReference; lastKnownFileType = folder.assetcatalog; path = Assets.xcassets; sourceTree = "<group>"; };
		179E44331C56D21B0079D7F0 /* Base */ = {isa = PBXFileReference; lastKnownFileType = file.storyboard; name = Base; path = Base.lproj/LaunchScreen.storyboard; sourceTree = "<group>"; };
		179E44351C56D21B0079D7F0 /* Info.plist */ = {isa = PBXFileReference; lastKnownFileType = text.plist.xml; path = Info.plist; sourceTree = "<group>"; };
		179E44491C56D2B30079D7F0 /* NotoSans-Bold.ttf */ = {isa = PBXFileReference; lastKnownFileType = file; path = "NotoSans-Bold.ttf"; sourceTree = "<group>"; };
		179E444A1C56D2B30079D7F0 /* NotoSans-BoldItalic.ttf */ = {isa = PBXFileReference; lastKnownFileType = file; path = "NotoSans-BoldItalic.ttf"; sourceTree = "<group>"; };
		179E444B1C56D2B30079D7F0 /* NotoSans-Italic.ttf */ = {isa = PBXFileReference; lastKnownFileType = file; path = "NotoSans-Italic.ttf"; sourceTree = "<group>"; };
		179E444F1C56D2BA0079D7F0 /* NotoSans-Regular.ttf */ = {isa = PBXFileReference; lastKnownFileType = file; path = "NotoSans-Regular.ttf"; sourceTree = "<group>"; };
		179E44511C5715D00079D7F0 /* materialView.swift */ = {isa = PBXFileReference; fileEncoding = 4; lastKnownFileType = sourcecode.swift; path = materialView.swift; sourceTree = "<group>"; };
		179E44541C57173E0079D7F0 /* Constants.swift */ = {isa = PBXFileReference; fileEncoding = 4; lastKnownFileType = sourcecode.swift; path = Constants.swift; sourceTree = "<group>"; };
		179E44561C57B6EB0079D7F0 /* materialButton.swift */ = {isa = PBXFileReference; fileEncoding = 4; lastKnownFileType = sourcecode.swift; path = materialButton.swift; sourceTree = "<group>"; };
/* End PBXFileReference section */

/* Begin PBXFrameworksBuildPhase section */
		179E44231C56D21B0079D7F0 /* Frameworks */ = {
			isa = PBXFrameworksBuildPhase;
			buildActionMask = 2147483647;
			files = (
			);
			runOnlyForDeploymentPostprocessing = 0;
		};
/* End PBXFrameworksBuildPhase section */

/* Begin PBXGroup section */
		179E441D1C56D21B0079D7F0 = {
			isa = PBXGroup;
			children = (
				179E44281C56D21B0079D7F0 /* showcase */,
				179E44271C56D21B0079D7F0 /* Products */,
			);
			sourceTree = "<group>";
		};
		179E44271C56D21B0079D7F0 /* Products */ = {
			isa = PBXGroup;
			children = (
				179E44261C56D21B0079D7F0 /* showcase.app */,
			);
			name = Products;
			sourceTree = "<group>";
		};
		179E44281C56D21B0079D7F0 /* showcase */ = {
			isa = PBXGroup;
			children = (
				179E44531C57171C0079D7F0 /* Util */,
				179E443E1C56D2530079D7F0 /* Rescoures */,
				179E443D1C56D24E0079D7F0 /* Model */,
				179E443C1C56D2460079D7F0 /* View */,
				179E443B1C56D23B0079D7F0 /* Controller */,
				179E44291C56D21B0079D7F0 /* AppDelegate.swift */,
				179E442D1C56D21B0079D7F0 /* Main.storyboard */,
				179E44301C56D21B0079D7F0 /* Assets.xcassets */,
				179E44321C56D21B0079D7F0 /* LaunchScreen.storyboard */,
				179E44351C56D21B0079D7F0 /* Info.plist */,
			);
			path = showcase;
			sourceTree = "<group>";
		};
		179E443B1C56D23B0079D7F0 /* Controller */ = {
			isa = PBXGroup;
			children = (
				179E442B1C56D21B0079D7F0 /* ViewController.swift */,
			);
			name = Controller;
			sourceTree = "<group>";
		};
		179E443C1C56D2460079D7F0 /* View */ = {
			isa = PBXGroup;
			children = (
				179E44511C5715D00079D7F0 /* materialView.swift */,
				179E44561C57B6EB0079D7F0 /* materialButton.swift */,
			);
			name = View;
			sourceTree = "<group>";
		};
		179E443D1C56D24E0079D7F0 /* Model */ = {
			isa = PBXGroup;
			children = (
			);
			name = Model;
			sourceTree = "<group>";
		};
		179E443E1C56D2530079D7F0 /* Rescoures */ = {
			isa = PBXGroup;
			children = (
				179E44491C56D2B30079D7F0 /* NotoSans-Bold.ttf */,
				179E444A1C56D2B30079D7F0 /* NotoSans-BoldItalic.ttf */,
				179E444F1C56D2BA0079D7F0 /* NotoSans-Regular.ttf */,
				179E444B1C56D2B30079D7F0 /* NotoSans-Italic.ttf */,
			);
			name = Rescoures;
			sourceTree = "<group>";
		};
		179E44531C57171C0079D7F0 /* Util */ = {
			isa = PBXGroup;
			children = (
				179E44541C57173E0079D7F0 /* Constants.swift */,
			);
			name = Util;
			sourceTree = "<group>";
		};
/* End PBXGroup section */

/* Begin PBXNativeTarget section */
		179E44251C56D21B0079D7F0 /* showcase */ = {
			isa = PBXNativeTarget;
			buildConfigurationList = 179E44381C56D21B0079D7F0 /* Build configuration list for PBXNativeTarget "showcase" */;
			buildPhases = (
				179E44221C56D21B0079D7F0 /* Sources */,
				179E44231C56D21B0079D7F0 /* Frameworks */,
				179E44241C56D21B0079D7F0 /* Resources */,
			);
			buildRules = (
			);
			dependencies = (
			);
			name = showcase;
			productName = showcase;
			productReference = 179E44261C56D21B0079D7F0 /* showcase.app */;
			productType = "com.apple.product-type.application";
		};
/* End PBXNativeTarget section */

/* Begin PBXProject section */
		179E441E1C56D21B0079D7F0 /* Project object */ = {
			isa = PBXProject;
			attributes = {
				LastSwiftUpdateCheck = 0720;
				LastUpgradeCheck = 0720;
				ORGANIZATIONNAME = "shengxiang guo";
				TargetAttributes = {
					179E44251C56D21B0079D7F0 = {
						CreatedOnToolsVersion = 7.2;
						DevelopmentTeam = H974VRTSPW;
					};
				};
			};
			buildConfigurationList = 179E44211C56D21B0079D7F0 /* Build configuration list for PBXProject "showcase" */;
			compatibilityVersion = "Xcode 3.2";
			developmentRegion = English;
			hasScannedForEncodings = 0;
			knownRegions = (
				en,
				Base,
			);
			mainGroup = 179E441D1C56D21B0079D7F0;
			productRefGroup = 179E44271C56D21B0079D7F0 /* Products */;
			projectDirPath = "";
			projectRoot = "";
			targets = (
				179E44251C56D21B0079D7F0 /* showcase */,
			);
		};
/* End PBXProject section */

/* Begin PBXResourcesBuildPhase section */
		179E44241C56D21B0079D7F0 /* Resources */ = {
			isa = PBXResourcesBuildPhase;
			buildActionMask = 2147483647;
			files = (
				179E444C1C56D2B30079D7F0 /* NotoSans-Bold.ttf in Resources */,
				179E44341C56D21B0079D7F0 /* LaunchScreen.storyboard in Resources */,
				179E44501C56D2BA0079D7F0 /* NotoSans-Regular.ttf in Resources */,
				179E444D1C56D2B30079D7F0 /* NotoSans-BoldItalic.ttf in Resources */,
				179E44311C56D21B0079D7F0 /* Assets.xcassets in Resources */,
				179E444E1C56D2B30079D7F0 /* NotoSans-Italic.ttf in Resources */,
				179E442F1C56D21B0079D7F0 /* Main.storyboard in Resources */,
			);
			runOnlyForDeploymentPostprocessing = 0;
		};
/* End PBXResourcesBuildPhase section */

/* Begin PBXSourcesBuildPhase section */
		179E44221C56D21B0079D7F0 /* Sources */ = {
			isa = PBXSourcesBuildPhase;
			buildActionMask = 2147483647;
			files = (
				179E44521C5715D00079D7F0 /* materialView.swift in Sources */,
				179E442C1C56D21B0079D7F0 /* ViewController.swift in Sources */,
				179E442A1C56D21B0079D7F0 /* AppDelegate.swift in Sources */,
				179E44551C57173E0079D7F0 /* Constants.swift in Sources */,
				179E44571C57B6EB0079D7F0 /* materialButton.swift in Sources */,
			);
			runOnlyForDeploymentPostprocessing = 0;
		};
/* End PBXSourcesBuildPhase section */

/* Begin PBXVariantGroup section */
		179E442D1C56D21B0079D7F0 /* Main.storyboard */ = {
			isa = PBXVariantGroup;
			children = (
				179E442E1C56D21B0079D7F0 /* Base */,
			);
			name = Main.storyboard;
			sourceTree = "<group>";
		};
		179E44321C56D21B0079D7F0 /* LaunchScreen.storyboard */ = {
			isa = PBXVariantGroup;
			children = (
				179E44331C56D21B0079D7F0 /* Base */,
			);
			name = LaunchScreen.storyboard;
			sourceTree = "<group>";
		};
/* End PBXVariantGroup section */

/* Begin XCBuildConfiguration section */
		179E44361C56D21B0079D7F0 /* Debug */ = {
			isa = XCBuildConfiguration;
			buildSettings = {
				ALWAYS_SEARCH_USER_PATHS = NO;
				CLANG_CXX_LANGUAGE_STANDARD = "gnu++0x";
				CLANG_CXX_LIBRARY = "libc++";
				CLANG_ENABLE_MODULES = YES;
				CLANG_ENABLE_OBJC_ARC = YES;
				CLANG_WARN_BOOL_CONVERSION = YES;
				CLANG_WARN_CONSTANT_CONVERSION = YES;
				CLANG_WARN_DIRECT_OBJC_ISA_USAGE = YES_ERROR;
				CLANG_WARN_EMPTY_BODY = YES;
				CLANG_WARN_ENUM_CONVERSION = YES;
				CLANG_WARN_INT_CONVERSION = YES;
				CLANG_WARN_OBJC_ROOT_CLASS = YES_ERROR;
				CLANG_WARN_UNREACHABLE_CODE = YES;
				CLANG_WARN__DUPLICATE_METHOD_MATCH = YES;
				"CODE_SIGN_IDENTITY[sdk=iphoneos*]" = "iPhone Developer";
				COPY_PHASE_STRIP = NO;
				DEBUG_INFORMATION_FORMAT = dwarf;
				ENABLE_STRICT_OBJC_MSGSEND = YES;
				ENABLE_TESTABILITY = YES;
				GCC_C_LANGUAGE_STANDARD = gnu99;
				GCC_DYNAMIC_NO_PIC = NO;
				GCC_NO_COMMON_BLOCKS = YES;
				GCC_OPTIMIZATION_LEVEL = 0;
				GCC_PREPROCESSOR_DEFINITIONS = (
					"DEBUG=1",
					"$(inherited)",
				);
				GCC_WARN_64_TO_32_BIT_CONVERSION = YES;
				GCC_WARN_ABOUT_RETURN_TYPE = YES_ERROR;
				GCC_WARN_UNDECLARED_SELECTOR = YES;
				GCC_WARN_UNINITIALIZED_AUTOS = YES_AGGRESSIVE;
				GCC_WARN_UNUSED_FUNCTION = YES;
				GCC_WARN_UNUSED_VARIABLE = YES;
				IPHONEOS_DEPLOYMENT_TARGET = 9.2;
				MTL_ENABLE_DEBUG_INFO = YES;
				ONLY_ACTIVE_ARCH = YES;
				SDKROOT = iphoneos;
				SWIFT_OPTIMIZATION_LEVEL = "-Onone";
				TARGETED_DEVICE_FAMILY = "1,2";
			};
			name = Debug;
		};
		179E44371C56D21B0079D7F0 /* Release */ = {
			isa = XCBuildConfiguration;
			buildSettings = {
				ALWAYS_SEARCH_USER_PATHS = NO;
				CLANG_CXX_LANGUAGE_STANDARD = "gnu++0x";
				CLANG_CXX_LIBRARY = "libc++";
				CLANG_ENABLE_MODULES = YES;
				CLANG_ENABLE_OBJC_ARC = YES;
				CLANG_WARN_BOOL_CONVERSION = YES;
				CLANG_WARN_CONSTANT_CONVERSION = YES;
				CLANG_WARN_DIRECT_OBJC_ISA_USAGE = YES_ERROR;
				CLANG_WARN_EMPTY_BODY = YES;
				CLANG_WARN_ENUM_CONVERSION = YES;
				CLANG_WARN_INT_CONVERSION = YES;
				CLANG_WARN_OBJC_ROOT_CLASS = YES_ERROR;
				CLANG_WARN_UNREACHABLE_CODE = YES;
				CLANG_WARN__DUPLICATE_METHOD_MATCH = YES;
				"CODE_SIGN_IDENTITY[sdk=iphoneos*]" = "iPhone Developer";
				COPY_PHASE_STRIP = NO;
				DEBUG_INFORMATION_FORMAT = "dwarf-with-dsym";
				ENABLE_NS_ASSERTIONS = NO;
				ENABLE_STRICT_OBJC_MSGSEND = YES;
				GCC_C_LANGUAGE_STANDARD = gnu99;
				GCC_NO_COMMON_BLOCKS = YES;
				GCC_WARN_64_TO_32_BIT_CONVERSION = YES;
				GCC_WARN_ABOUT_RETURN_TYPE = YES_ERROR;
				GCC_WARN_UNDECLARED_SELECTOR = YES;
				GCC_WARN_UNINITIALIZED_AUTOS = YES_AGGRESSIVE;
				GCC_WARN_UNUSED_FUNCTION = YES;
				GCC_WARN_UNUSED_VARIABLE = YES;
				IPHONEOS_DEPLOYMENT_TARGET = 9.2;
				MTL_ENABLE_DEBUG_INFO = NO;
				SDKROOT = iphoneos;
				TARGETED_DEVICE_FAMILY = "1,2";
				VALIDATE_PRODUCT = YES;
			};
			name = Release;
		};
		179E44391C56D21B0079D7F0 /* Debug */ = {
			isa = XCBuildConfiguration;
			buildSettings = {
				ASSETCATALOG_COMPILER_APPICON_NAME = AppIcon;
				CODE_SIGN_IDENTITY = "iPhone Developer";
				INFOPLIST_FILE = showcase/Info.plist;
				LD_RUNPATH_SEARCH_PATHS = "$(inherited) @executable_path/Frameworks";
				PRODUCT_BUNDLE_IDENTIFIER = com.shengxiang.showcase;
				PRODUCT_NAME = "$(TARGET_NAME)";
			};
			name = Debug;
		};
		179E443A1C56D21B0079D7F0 /* Release */ = {
			isa = XCBuildConfiguration;
			buildSettings = {
				ASSETCATALOG_COMPILER_APPICON_NAME = AppIcon;
				CODE_SIGN_IDENTITY = "iPhone Developer";
				INFOPLIST_FILE = showcase/Info.plist;
				LD_RUNPATH_SEARCH_PATHS = "$(inherited) @executable_path/Frameworks";
				PRODUCT_BUNDLE_IDENTIFIER = com.shengxiang.showcase;
				PRODUCT_NAME = "$(TARGET_NAME)";
			};
			name = Release;
		};
/* End XCBuildConfiguration section */

/* Begin XCConfigurationList section */
		179E44211C56D21B0079D7F0 /* Build configuration list for PBXProject "showcase" */ = {
			isa = XCConfigurationList;
			buildConfigurations = (
				179E44361C56D21B0079D7F0 /* Debug */,
				179E44371C56D21B0079D7F0 /* Release */,
			);
			defaultConfigurationIsVisible = 0;
			defaultConfigurationName = Release;
		};
		179E44381C56D21B0079D7F0 /* Build configuration list for PBXNativeTarget "showcase" */ = {
			isa = XCConfigurationList;
			buildConfigurations = (
				179E44391C56D21B0079D7F0 /* Debug */,
				179E443A1C56D21B0079D7F0 /* Release */,
			);
			defaultConfigurationIsVisible = 0;
		};
/* End XCConfigurationList section */
	};
	rootObject = 179E441E1C56D21B0079D7F0 /* Project object */;
}
